// !$*UTF8*$!
{
	archiveVersion = 1;
	classes = {
	};
	objectVersion = 46;
	objects = {

/* Begin PBXBuildFile section */
		890FFB4C19F5F0520098B030 /* main.m in Sources */ = {isa = PBXBuildFile; fileRef = 890FFB4B19F5F0520098B030 /* main.m */; };
		890FFB4F19F5F0520098B030 /* AppDelegate.m in Sources */ = {isa = PBXBuildFile; fileRef = 890FFB4E19F5F0520098B030 /* AppDelegate.m */; };
		890FFB5219F5F0520098B030 /* FirstViewController.m in Sources */ = {isa = PBXBuildFile; fileRef = 890FFB5119F5F0520098B030 /* FirstViewController.m */; };
		890FFB5519F5F0520098B030 /* SecondViewController.m in Sources */ = {isa = PBXBuildFile; fileRef = 890FFB5419F5F0520098B030 /* SecondViewController.m */; };
		890FFB5819F5F0520098B030 /* Main.storyboard in Resources */ = {isa = PBXBuildFile; fileRef = 890FFB5619F5F0520098B030 /* Main.storyboard */; };
		890FFB5A19F5F0520098B030 /* Images.xcassets in Resources */ = {isa = PBXBuildFile; fileRef = 890FFB5919F5F0520098B030 /* Images.xcassets */; };
		890FFB5D19F5F0520098B030 /* LaunchScreen.xib in Resources */ = {isa = PBXBuildFile; fileRef = 890FFB5B19F5F0520098B030 /* LaunchScreen.xib */; };
		890FFB6919F5F0530098B030 /* DemaciaTests.m in Sources */ = {isa = PBXBuildFile; fileRef = 890FFB6819F5F0530098B030 /* DemaciaTests.m */; };
/* End PBXBuildFile section */

/* Begin PBXContainerItemProxy section */
		890FFB6319F5F0530098B030 /* PBXContainerItemProxy */ = {
			isa = PBXContainerItemProxy;
			containerPortal = 890FFB3E19F5F0520098B030 /* Project object */;
			proxyType = 1;
			remoteGlobalIDString = 890FFB4519F5F0520098B030;
			remoteInfo = Demacia;
		};
/* End PBXContainerItemProxy section */

/* Begin PBXFileReference section */
		890FFB4619F5F0520098B030 /* Demacia.app */ = {isa = PBXFileReference; explicitFileType = wrapper.application; includeInIndex = 0; path = Demacia.app; sourceTree = BUILT_PRODUCTS_DIR; };
		890FFB4A19F5F0520098B030 /* Info.plist */ = {isa = PBXFileReference; lastKnownFileType = text.plist.xml; path = Info.plist; sourceTree = "<group>"; };
		890FFB4B19F5F0520098B030 /* main.m */ = {isa = PBXFileReference; lastKnownFileType = sourcecode.c.objc; path = main.m; sourceTree = "<group>"; };
		890FFB4D19F5F0520098B030 /* AppDelegate.h */ = {isa = PBXFileReference; lastKnownFileType = sourcecode.c.h; path = AppDelegate.h; sourceTree = "<group>"; };
		890FFB4E19F5F0520098B030 /* AppDelegate.m */ = {isa = PBXFileReference; lastKnownFileType = sourcecode.c.objc; path = AppDelegate.m; sourceTree = "<group>"; };
		890FFB5019F5F0520098B030 /* FirstViewController.h */ = {isa = PBXFileReference; lastKnownFileType = sourcecode.c.h; path = FirstViewController.h; sourceTree = "<group>"; };
		890FFB5119F5F0520098B030 /* FirstViewController.m */ = {isa = PBXFileReference; lastKnownFileType = sourcecode.c.objc; path = FirstViewController.m; sourceTree = "<group>"; };
		890FFB5319F5F0520098B030 /* SecondViewController.h */ = {isa = PBXFileReference; lastKnownFileType = sourcecode.c.h; path = SecondViewController.h; sourceTree = "<group>"; };
		890FFB5419F5F0520098B030 /* SecondViewController.m */ = {isa = PBXFileReference; lastKnownFileType = sourcecode.c.objc; path = SecondViewController.m; sourceTree = "<group>"; };
		890FFB5719F5F0520098B030 /* Base */ = {isa = PBXFileReference; lastKnownFileType = file.storyboard; name = Base; path = Base.lproj/Main.storyboard; sourceTree = "<group>"; };
		890FFB5919F5F0520098B030 /* Images.xcassets */ = {isa = PBXFileReference; lastKnownFileType = folder.assetcatalog; path = Images.xcassets; sourceTree = "<group>"; };
		890FFB5C19F5F0520098B030 /* Base */ = {isa = PBXFileReference; lastKnownFileType = file.xib; name = Base; path = Base.lproj/LaunchScreen.xib; sourceTree = "<group>"; };
		890FFB6219F5F0530098B030 /* DemaciaTests.xctest */ = {isa = PBXFileReference; explicitFileType = wrapper.cfbundle; includeInIndex = 0; path = DemaciaTests.xctest; sourceTree = BUILT_PRODUCTS_DIR; };
		890FFB6719F5F0530098B030 /* Info.plist */ = {isa = PBXFileReference; lastKnownFileType = text.plist.xml; path = Info.plist; sourceTree = "<group>"; };
		890FFB6819F5F0530098B030 /* DemaciaTests.m */ = {isa = PBXFileReference; lastKnownFileType = sourcecode.c.objc; path = DemaciaTests.m; sourceTree = "<group>"; };
/* End PBXFileReference section */

/* Begin PBXFrameworksBuildPhase section */
		890FFB4319F5F0520098B030 /* Frameworks */ = {
			isa = PBXFrameworksBuildPhase;
			buildActionMask = 2147483647;
			files = (
			);
			runOnlyForDeploymentPostprocessing = 0;
		};
		890FFB5F19F5F0530098B030 /* Frameworks */ = {
			isa = PBXFrameworksBuildPhase;
			buildActionMask = 2147483647;
			files = (
			);
			runOnlyForDeploymentPostprocessing = 0;
		};
/* End PBXFrameworksBuildPhase section */

/* Begin PBXGroup section */
		890FFB3D19F5F0520098B030 = {
			isa = PBXGroup;
			children = (
				890FFB4819F5F0520098B030 /* Demacia */,
				890FFB6519F5F0530098B030 /* DemaciaTests */,
				890FFB4719F5F0520098B030 /* Products */,
			);
			sourceTree = "<group>";
		};
		890FFB4719F5F0520098B030 /* Products */ = {
			isa = PBXGroup;
			children = (
				890FFB4619F5F0520098B030 /* Demacia.app */,
				890FFB6219F5F0530098B030 /* DemaciaTests.xctest */,
			);
			name = Products;
			sourceTree = "<group>";
		};
		890FFB4819F5F0520098B030 /* Demacia */ = {
			isa = PBXGroup;
			children = (
				890FFB4D19F5F0520098B030 /* AppDelegate.h */,
				890FFB4E19F5F0520098B030 /* AppDelegate.m */,
				890FFB5019F5F0520098B030 /* FirstViewController.h */,
				890FFB5119F5F0520098B030 /* FirstViewController.m */,
				890FFB5319F5F0520098B030 /* SecondViewController.h */,
				890FFB5419F5F0520098B030 /* SecondViewController.m */,
				890FFB5619F5F0520098B030 /* Main.storyboard */,
				890FFB5919F5F0520098B030 /* Images.xcassets */,
				890FFB5B19F5F0520098B030 /* LaunchScreen.xib */,
				890FFB4919F5F0520098B030 /* Supporting Files */,
			);
			path = Demacia;
			sourceTree = "<group>";
		};
		890FFB4919F5F0520098B030 /* Supporting Files */ = {
			isa = PBXGroup;
			children = (
				890FFB4A19F5F0520098B030 /* Info.plist */,
				890FFB4B19F5F0520098B030 /* main.m */,
			);
			name = "Supporting Files";
			sourceTree = "<group>";
		};
		890FFB6519F5F0530098B030 /* DemaciaTests */ = {
			isa = PBXGroup;
			children = (
				890FFB6819F5F0530098B030 /* DemaciaTests.m */,
				890FFB6619F5F0530098B030 /* Supporting Files */,
			);
			path = DemaciaTests;
			sourceTree = "<group>";
		};
		890FFB6619F5F0530098B030 /* Supporting Files */ = {
			isa = PBXGroup;
			children = (
				890FFB6719F5F0530098B030 /* Info.plist */,
			);
			name = "Supporting Files";
			sourceTree = "<group>";
		};
/* End PBXGroup section */

/* Begin PBXNativeTarget section */
		890FFB4519F5F0520098B030 /* Demacia */ = {
			isa = PBXNativeTarget;
			buildConfigurationList = 890FFB6C19F5F0530098B030 /* Build configuration list for PBXNativeTarget "Demacia" */;
			buildPhases = (
				890FFB4219F5F0520098B030 /* Sources */,
				890FFB4319F5F0520098B030 /* Frameworks */,
				890FFB4419F5F0520098B030 /* Resources */,
			);
			buildRules = (
			);
			dependencies = (
			);
			name = Demacia;
			productName = Demacia;
			productReference = 890FFB4619F5F0520098B030 /* Demacia.app */;
			productType = "com.apple.product-type.application";
		};
		890FFB6119F5F0530098B030 /* DemaciaTests */ = {
			isa = PBXNativeTarget;
			buildConfigurationList = 890FFB6F19F5F0530098B030 /* Build configuration list for PBXNativeTarget "DemaciaTests" */;
			buildPhases = (
				890FFB5E19F5F0530098B030 /* Sources */,
				890FFB5F19F5F0530098B030 /* Frameworks */,
				890FFB6019F5F0530098B030 /* Resources */,
			);
			buildRules = (
			);
			dependencies = (
				890FFB6419F5F0530098B030 /* PBXTargetDependency */,
			);
			name = DemaciaTests;
			productName = DemaciaTests;
			productReference = 890FFB6219F5F0530098B030 /* DemaciaTests.xctest */;
			productType = "com.apple.product-type.bundle.unit-test";
		};
/* End PBXNativeTarget section */

/* Begin PBXProject section */
		890FFB3E19F5F0520098B030 /* Project object */ = {
			isa = PBXProject;
			attributes = {
				LastUpgradeCheck = 0600;
				ORGANIZATIONNAME = Demacia.cc;
				TargetAttributes = {
					890FFB4519F5F0520098B030 = {
						CreatedOnToolsVersion = 6.0;
					};
					890FFB6119F5F0530098B030 = {
						CreatedOnToolsVersion = 6.0;
						TestTargetID = 890FFB4519F5F0520098B030;
					};
				};
			};
			buildConfigurationList = 890FFB4119F5F0520098B030 /* Build configuration list for PBXProject "Demacia" */;
			compatibilityVersion = "Xcode 3.2";
			developmentRegion = English;
			hasScannedForEncodings = 0;
			knownRegions = (
				en,
				Base,
			);
			mainGroup = 890FFB3D19F5F0520098B030;
			productRefGroup = 890FFB4719F5F0520098B030 /* Products */;
			projectDirPath = "";
			projectRoot = "";
			targets = (
				890FFB4519F5F0520098B030 /* Demacia */,
				890FFB6119F5F0530098B030 /* DemaciaTests */,
			);
		};
/* End PBXProject section */

/* Begin PBXResourcesBuildPhase section */
		890FFB4419F5F0520098B030 /* Resources */ = {
			isa = PBXResourcesBuildPhase;
			buildActionMask = 2147483647;
			files = (
				890FFB5819F5F0520098B030 /* Main.storyboard in Resources */,
				890FFB5D19F5F0520098B030 /* LaunchScreen.xib in Resources */,
				890FFB5A19F5F0520098B030 /* Images.xcassets in Resources */,
			);
			runOnlyForDeploymentPostprocessing = 0;
		};
		890FFB6019F5F0530098B030 /* Resources */ = {
			isa = PBXResourcesBuildPhase;
			buildActionMask = 2147483647;
			files = (
			);
			runOnlyForDeploymentPostprocessing = 0;
		};
/* End PBXResourcesBuildPhase section */

/* Begin PBXSourcesBuildPhase section */
		890FFB4219F5F0520098B030 /* Sources */ = {
			isa = PBXSourcesBuildPhase;
			buildActionMask = 2147483647;
			files = (
				890FFB5519F5F0520098B030 /* SecondViewController.m in Sources */,
				890FFB4F19F5F0520098B030 /* AppDelegate.m in Sources */,
				890FFB5219F5F0520098B030 /* FirstViewController.m in Sources */,
				890FFB4C19F5F0520098B030 /* main.m in Sources */,
			);
			runOnlyForDeploymentPostprocessing = 0;
		};
		890FFB5E19F5F0530098B030 /* Sources */ = {
			isa = PBXSourcesBuildPhase;
			buildActionMask = 2147483647;
			files = (
				890FFB6919F5F0530098B030 /* DemaciaTests.m in Sources */,
			);
			runOnlyForDeploymentPostprocessing = 0;
		};
/* End PBXSourcesBuildPhase section */

/* Begin PBXTargetDependency section */
		890FFB6419F5F0530098B030 /* PBXTargetDependency */ = {
			isa = PBXTargetDependency;
			target = 890FFB4519F5F0520098B030 /* Demacia */;
			targetProxy = 890FFB6319F5F0530098B030 /* PBXContainerItemProxy */;
		};
/* End PBXTargetDependency section */

/* Begin PBXVariantGroup section */
		890FFB5619F5F0520098B030 /* Main.storyboard */ = {
			isa = PBXVariantGroup;
			children = (
				890FFB5719F5F0520098B030 /* Base */,
			);
			name = Main.storyboard;
			sourceTree = "<group>";
		};
		890FFB5B19F5F0520098B030 /* LaunchScreen.xib */ = {
			isa = PBXVariantGroup;
			children = (
				890FFB5C19F5F0520098B030 /* Base */,
			);
			name = LaunchScreen.xib;
			sourceTree = "<group>";
		};
/* End PBXVariantGroup section */

/* Begin XCBuildConfiguration section */
		890FFB6A19F5F0530098B030 /* Debug */ = {
			isa = XCBuildConfiguration;
			buildSettings = {
				ALWAYS_SEARCH_USER_PATHS = NO;
				CLANG_CXX_LANGUAGE_STANDARD = "gnu++0x";
				CLANG_CXX_LIBRARY = "libc++";
				CLANG_ENABLE_MODULES = YES;
				CLANG_ENABLE_OBJC_ARC = YES;
				CLANG_WARN_BOOL_CONVERSION = YES;
				CLANG_WARN_CONSTANT_CONVERSION = YES;
				CLANG_WARN_DIRECT_OBJC_ISA_USAGE = YES_ERROR;
				CLANG_WARN_EMPTY_BODY = YES;
				CLANG_WARN_ENUM_CONVERSION = YES;
				CLANG_WARN_INT_CONVERSION = YES;
				CLANG_WARN_OBJC_ROOT_CLASS = YES_ERROR;
				CLANG_WARN_UNREACHABLE_CODE = YES;
				CLANG_WARN__DUPLICATE_METHOD_MATCH = YES;
				"CODE_SIGN_IDENTITY[sdk=iphoneos*]" = "iPhone Developer";
				COPY_PHASE_STRIP = NO;
				ENABLE_STRICT_OBJC_MSGSEND = YES;
				GCC_C_LANGUAGE_STANDARD = gnu99;
				GCC_DYNAMIC_NO_PIC = NO;
				GCC_OPTIMIZATION_LEVEL = 0;
				GCC_PREPROCESSOR_DEFINITIONS = (
					"DEBUG=1",
					"$(inherited)",
				);
				GCC_SYMBOLS_PRIVATE_EXTERN = NO;
				GCC_WARN_64_TO_32_BIT_CONVERSION = YES;
				GCC_WARN_ABOUT_RETURN_TYPE = YES_ERROR;
				GCC_WARN_UNDECLARED_SELECTOR = YES;
				GCC_WARN_UNINITIALIZED_AUTOS = YES_AGGRESSIVE;
				GCC_WARN_UNUSED_FUNCTION = YES;
				GCC_WARN_UNUSED_VARIABLE = YES;
				IPHONEOS_DEPLOYMENT_TARGET = 8.0;
				MTL_ENABLE_DEBUG_INFO = YES;
				ONLY_ACTIVE_ARCH = YES;
				SDKROOT = iphoneos;
				TARGETED_DEVICE_FAMILY = "1,2";
			};
			name = Debug;
		};
		890FFB6B19F5F0530098B030 /* Release */ = {
			isa = XCBuildConfiguration;
			buildSettings = {
				ALWAYS_SEARCH_USER_PATHS = NO;
				CLANG_CXX_LANGUAGE_STANDARD = "gnu++0x";
				CLANG_CXX_LIBRARY = "libc++";
				CLANG_ENABLE_MODULES = YES;
				CLANG_ENABLE_OBJC_ARC = YES;
				CLANG_WARN_BOOL_CONVERSION = YES;
				CLANG_WARN_CONSTANT_CONVERSION = YES;
				CLANG_WARN_DIRECT_OBJC_ISA_USAGE = YES_ERROR;
				CLANG_WARN_EMPTY_BODY = YES;
				CLANG_WARN_ENUM_CONVERSION = YES;
				CLANG_WARN_INT_CONVERSION = YES;
				CLANG_WARN_OBJC_ROOT_CLASS = YES_ERROR;
				CLANG_WARN_UNREACHABLE_CODE = YES;
				CLANG_WARN__DUPLICATE_METHOD_MATCH = YES;
				"CODE_SIGN_IDENTITY[sdk=iphoneos*]" = "iPhone Developer";
				COPY_PHASE_STRIP = YES;
				ENABLE_NS_ASSERTIONS = NO;
				ENABLE_STRICT_OBJC_MSGSEND = YES;
				GCC_C_LANGUAGE_STANDARD = gnu99;
				GCC_WARN_64_TO_32_BIT_CONVERSION = YES;
				GCC_WARN_ABOUT_RETURN_TYPE = YES_ERROR;
				GCC_WARN_UNDECLARED_SELECTOR = YES;
				GCC_WARN_UNINITIALIZED_AUTOS = YES_AGGRESSIVE;
				GCC_WARN_UNUSED_FUNCTION = YES;
				GCC_WARN_UNUSED_VARIABLE = YES;
				IPHONEOS_DEPLOYMENT_TARGET = 8.0;
				MTL_ENABLE_DEBUG_INFO = NO;
				SDKROOT = iphoneos;
				TARGETED_DEVICE_FAMILY = "1,2";
				VALIDATE_PRODUCT = YES;
			};
			name = Release;
		};
		890FFB6D19F5F0530098B030 /* Debug */ = {
			isa = XCBuildConfiguration;
			buildSettings = {
				ASSETCATALOG_COMPILER_APPICON_NAME = AppIcon;
				INFOPLIST_FILE = Demacia/Info.plist;
				LD_RUNPATH_SEARCH_PATHS = "$(inherited) @executable_path/Frameworks";
				PRODUCT_NAME = "$(TARGET_NAME)";
			};
			name = Debug;
		};
		890FFB6E19F5F0530098B030 /* Release */ = {
			isa = XCBuildConfiguration;
			buildSettings = {
				ASSETCATALOG_COMPILER_APPICON_NAME = AppIcon;
				INFOPLIST_FILE = Demacia/Info.plist;
				LD_RUNPATH_SEARCH_PATHS = "$(inherited) @executable_path/Frameworks";
				PRODUCT_NAME = "$(TARGET_NAME)";
			};
			name = Release;
		};
		890FFB7019F5F0530098B030 /* Debug */ = {
			isa = XCBuildConfiguration;
			buildSettings = {
				BUNDLE_LOADER = "$(TEST_HOST)";
				FRAMEWORK_SEARCH_PATHS = (
					"$(SDKROOT)/Developer/Library/Frameworks",
					"$(inherited)",
				);
				GCC_PREPROCESSOR_DEFINITIONS = (
					"DEBUG=1",
					"$(inherited)",
				);
				INFOPLIST_FILE = DemaciaTests/Info.plist;
				LD_RUNPATH_SEARCH_PATHS = "$(inherited) @executable_path/Frameworks @loader_path/Frameworks";
				PRODUCT_NAME = "$(TARGET_NAME)";
				TEST_HOST = "$(BUILT_PRODUCTS_DIR)/Demacia.app/Demacia";
			};
			name = Debug;
		};
		890FFB7119F5F0530098B030 /* Release */ = {
			isa = XCBuildConfiguration;
			buildSettings = {
				BUNDLE_LOADER = "$(TEST_HOST)";
				FRAMEWORK_SEARCH_PATHS = (
					"$(SDKROOT)/Developer/Library/Frameworks",
					"$(inherited)",
				);
				INFOPLIST_FILE = DemaciaTests/Info.plist;
				LD_RUNPATH_SEARCH_PATHS = "$(inherited) @executable_path/Frameworks @loader_path/Frameworks";
				PRODUCT_NAME = "$(TARGET_NAME)";
				TEST_HOST = "$(BUILT_PRODUCTS_DIR)/Demacia.app/Demacia";
			};
			name = Release;
		};
/* End XCBuildConfiguration section */

/* Begin XCConfigurationList section */
		890FFB4119F5F0520098B030 /* Build configuration list for PBXProject "Demacia" */ = {
			isa = XCConfigurationList;
			buildConfigurations = (
				890FFB6A19F5F0530098B030 /* Debug */,
				890FFB6B19F5F0530098B030 /* Release */,
			);
			defaultConfigurationIsVisible = 0;
			defaultConfigurationName = Release;
		};
		890FFB6C19F5F0530098B030 /* Build configuration list for PBXNativeTarget "Demacia" */ = {
			isa = XCConfigurationList;
			buildConfigurations = (
				890FFB6D19F5F0530098B030 /* Debug */,
				890FFB6E19F5F0530098B030 /* Release */,
			);
			defaultConfigurationIsVisible = 0;
		};
		890FFB6F19F5F0530098B030 /* Build configuration list for PBXNativeTarget "DemaciaTests" */ = {
			isa = XCConfigurationList;
			buildConfigurations = (
				890FFB7019F5F0530098B030 /* Debug */,
				890FFB7119F5F0530098B030 /* Release */,
			);
			defaultConfigurationIsVisible = 0;
		};
/* End XCConfigurationList section */
	};
	rootObject = 890FFB3E19F5F0520098B030 /* Project object */;
}
